
Microsoft Visual Studio Solution File, Format Version 12.00
# Visual Studio Version 16
VisualStudioVersion = 25.0.1706.1
MinimumVisualStudioVersion = 10.0.40219.1
Project("{FAE04EC0-301F-11D3-BF4B-00C04F79EFBC}") = "IdentityService", "IdentityService.csproj", "{2EF726AC-41C6-4099-942A-6404E94BD45C}"
EndProject
Global
	GlobalSection(SolutionConfigurationPlatforms) = preSolution
		Debug|Any CPU = Debug|Any CPU
		Release|Any CPU = Release|Any CPU
	EndGlobalSection
	GlobalSection(ProjectConfigurationPlatforms) = postSolution
		{2EF726AC-41C6-4099-942A-6404E94BD45C}.Debug|Any CPU.ActiveCfg = Debug|Any CPU
		{2EF726AC-41C6-4099-942A-6404E94BD45C}.Debug|Any CPU.Build.0 = Debug|Any CPU
		{2EF726AC-41C6-4099-942A-6404E94BD45C}.Release|Any CPU.ActiveCfg = Release|Any CPU
		{2EF726AC-41C6-4099-942A-6404E94BD45C}.Release|Any CPU.Build.0 = Release|Any CPU
	EndGlobalSection
	GlobalSection(SolutionProperties) = preSolution
		HideSolutionNode = FALSE
	EndGlobalSection
	GlobalSection(ExtensibilityGlobals) = postSolution
		SolutionGuid = {3353235A-CDC9-452D-9DD2-2E96AEE11E72}
	EndGlobalSection
EndGlobal
