
Microsoft Visual Studio Solution File, Format Version 12.00
# Visual Studio Version 16
VisualStudioVersion = 25.0.1706.1
MinimumVisualStudioVersion = 10.0.40219.1
Project("{FAE04EC0-301F-11D3-BF4B-00C04F79EFBC}") = "GatewayAPI", "GatewayAPI\GatewayAPI.csproj", "{29941CE4-2147-4ADF-9ED9-79F3C337DE3A}"
EndProject
Project("{2150E333-8FDC-42A3-9474-1A3956D46DE8}") = "Services", "Services", "{DAB1F046-CE4E-4BE7-9744-E4C8C5309A18}"
EndProject
Project("{2150E333-8FDC-42A3-9474-1A3956D46DE8}") = "Content", "Content", "{74D5FB8D-D8E7-4CAF-A75B-0C12A135D77A}"
EndProject
Project("{FAE04EC0-301F-11D3-BF4B-00C04F79EFBC}") = "ContentAPI", "Services\Content\ContentAPI\ContentAPI.csproj", "{503CD086-0256-425C-A6F8-81A9EF92F6EE}"
EndProject
Project("{2150E333-8FDC-42A3-9474-1A3956D46DE8}") = "Identity", "Identity", "{6910278C-9151-40EA-BDA2-F337F9C91CEC}"
EndProject
Project("{FAE04EC0-301F-11D3-BF4B-00C04F79EFBC}") = "IdentityAPI", "Services\Identity\IdentityAPI\IdentityAPI.csproj", "{395F0A0D-DCD4-4D16-86F8-93195E3B81E2}"
EndProject
Project("{2150E333-8FDC-42A3-9474-1A3956D46DE8}") = "Shared", "Shared", "{9605CFA7-482F-4D4D-B194-FD794DB3154B}"
EndProject
Project("{FAE04EC0-301F-11D3-BF4B-00C04F79EFBC}") = "SharedLib", "Shared\SharedLib\SharedLib.csproj", "{C00377A4-29A7-437B-8ACE-E6A09E675C8D}"
EndProject
Project("{2150E333-8FDC-42A3-9474-1A3956D46DE8}") = "Comment", "Comment", "{5620C172-F0B1-4708-AA21-0EC2F2107E19}"
EndProject
Project("{FAE04EC0-301F-11D3-BF4B-00C04F79EFBC}") = "CommentAPI", "Services\Comment\CommentAPI\CommentAPI.csproj", "{E64D5F45-38A3-4D61-A459-8D2BB1C58C43}"
EndProject
Project("{2150E333-8FDC-42A3-9474-1A3956D46DE8}") = "Reaction", "Reaction", "{CF45D437-9C1D-420B-BF69-16E2C69733FA}"
EndProject
Project("{FAE04EC0-301F-11D3-BF4B-00C04F79EFBC}") = "ReactionAPI", "Services\Reaction\ReactionAPI\ReactionAPI.csproj", "{F66E2D05-7D43-4A79-B648-0D178D042E4D}"
EndProject
Project("{2150E333-8FDC-42A3-9474-1A3956D46DE8}") = "ImageStore", "ImageStore", "{A7570A82-0661-4514-A516-7F070B84959B}"
EndProject
Project("{FAE04EC0-301F-11D3-BF4B-00C04F79EFBC}") = "ImageStoreAPI", "Services\ImageStore\ImageStoreAPI\ImageStoreAPI.csproj", "{5EC49AB6-A0DF-45B8-8E88-EE61E7088D61}"
EndProject
Project("{2150E333-8FDC-42A3-9474-1A3956D46DE8}") = "UI", "UI", "{CE0B1E84-BBB7-4308-8087-8DA653374F53}"
EndProject
Project("{FAE04EC0-301F-11D3-BF4B-00C04F79EFBC}") = "MyBlogAPI", "UI\MyBlogAPI\MyBlogAPI.csproj", "{711C18DC-814F-43DA-B143-40CC32834B3F}"
EndProject
Project("{2150E333-8FDC-42A3-9474-1A3956D46DE8}") = "Category", "Category", "{669F98B0-CD4E-4CD5-A75E-8999629FD584}"
EndProject
Project("{FAE04EC0-301F-11D3-BF4B-00C04F79EFBC}") = "CategoryAPI", "Services\Category\CategoryAPI\CategoryAPI.csproj", "{E52AA311-B77A-4A80-8A19-D333A1282306}"
EndProject
Global
	GlobalSection(SolutionConfigurationPlatforms) = preSolution
		Debug|Any CPU = Debug|Any CPU
		Release|Any CPU = Release|Any CPU
	EndGlobalSection
	GlobalSection(ProjectConfigurationPlatforms) = postSolution
		{29941CE4-2147-4ADF-9ED9-79F3C337DE3A}.Debug|Any CPU.ActiveCfg = Debug|Any CPU
		{29941CE4-2147-4ADF-9ED9-79F3C337DE3A}.Debug|Any CPU.Build.0 = Debug|Any CPU
		{29941CE4-2147-4ADF-9ED9-79F3C337DE3A}.Release|Any CPU.ActiveCfg = Release|Any CPU
		{29941CE4-2147-4ADF-9ED9-79F3C337DE3A}.Release|Any CPU.Build.0 = Release|Any CPU
		{503CD086-0256-425C-A6F8-81A9EF92F6EE}.Debug|Any CPU.ActiveCfg = Debug|Any CPU
		{503CD086-0256-425C-A6F8-81A9EF92F6EE}.Debug|Any CPU.Build.0 = Debug|Any CPU
		{503CD086-0256-425C-A6F8-81A9EF92F6EE}.Release|Any CPU.ActiveCfg = Release|Any CPU
		{503CD086-0256-425C-A6F8-81A9EF92F6EE}.Release|Any CPU.Build.0 = Release|Any CPU
		{395F0A0D-DCD4-4D16-86F8-93195E3B81E2}.Debug|Any CPU.ActiveCfg = Debug|Any CPU
		{395F0A0D-DCD4-4D16-86F8-93195E3B81E2}.Debug|Any CPU.Build.0 = Debug|Any CPU
		{395F0A0D-DCD4-4D16-86F8-93195E3B81E2}.Release|Any CPU.ActiveCfg = Release|Any CPU
		{395F0A0D-DCD4-4D16-86F8-93195E3B81E2}.Release|Any CPU.Build.0 = Release|Any CPU
		{C00377A4-29A7-437B-8ACE-E6A09E675C8D}.Debug|Any CPU.ActiveCfg = Debug|Any CPU
		{C00377A4-29A7-437B-8ACE-E6A09E675C8D}.Debug|Any CPU.Build.0 = Debug|Any CPU
		{C00377A4-29A7-437B-8ACE-E6A09E675C8D}.Release|Any CPU.ActiveCfg = Release|Any CPU
		{C00377A4-29A7-437B-8ACE-E6A09E675C8D}.Release|Any CPU.Build.0 = Release|Any CPU
		{E64D5F45-38A3-4D61-A459-8D2BB1C58C43}.Debug|Any CPU.ActiveCfg = Debug|Any CPU
		{E64D5F45-38A3-4D61-A459-8D2BB1C58C43}.Debug|Any CPU.Build.0 = Debug|Any CPU
		{E64D5F45-38A3-4D61-A459-8D2BB1C58C43}.Release|Any CPU.ActiveCfg = Release|Any CPU
		{E64D5F45-38A3-4D61-A459-8D2BB1C58C43}.Release|Any CPU.Build.0 = Release|Any CPU
		{F66E2D05-7D43-4A79-B648-0D178D042E4D}.Debug|Any CPU.ActiveCfg = Debug|Any CPU
		{F66E2D05-7D43-4A79-B648-0D178D042E4D}.Debug|Any CPU.Build.0 = Debug|Any CPU
		{F66E2D05-7D43-4A79-B648-0D178D042E4D}.Release|Any CPU.ActiveCfg = Release|Any CPU
		{F66E2D05-7D43-4A79-B648-0D178D042E4D}.Release|Any CPU.Build.0 = Release|Any CPU
		{5EC49AB6-A0DF-45B8-8E88-EE61E7088D61}.Debug|Any CPU.ActiveCfg = Debug|Any CPU
		{5EC49AB6-A0DF-45B8-8E88-EE61E7088D61}.Debug|Any CPU.Build.0 = Debug|Any CPU
		{5EC49AB6-A0DF-45B8-8E88-EE61E7088D61}.Release|Any CPU.ActiveCfg = Release|Any CPU
		{5EC49AB6-A0DF-45B8-8E88-EE61E7088D61}.Release|Any CPU.Build.0 = Release|Any CPU
		{711C18DC-814F-43DA-B143-40CC32834B3F}.Debug|Any CPU.ActiveCfg = Debug|Any CPU
		{711C18DC-814F-43DA-B143-40CC32834B3F}.Debug|Any CPU.Build.0 = Debug|Any CPU
		{711C18DC-814F-43DA-B143-40CC32834B3F}.Release|Any CPU.ActiveCfg = Release|Any CPU
		{711C18DC-814F-43DA-B143-40CC32834B3F}.Release|Any CPU.Build.0 = Release|Any CPU
		{E52AA311-B77A-4A80-8A19-D333A1282306}.Debug|Any CPU.ActiveCfg = Debug|Any CPU
		{E52AA311-B77A-4A80-8A19-D333A1282306}.Debug|Any CPU.Build.0 = Debug|Any CPU
		{E52AA311-B77A-4A80-8A19-D333A1282306}.Release|Any CPU.ActiveCfg = Release|Any CPU
		{E52AA311-B77A-4A80-8A19-D333A1282306}.Release|Any CPU.Build.0 = Release|Any CPU
	EndGlobalSection
	GlobalSection(SolutionProperties) = preSolution
		HideSolutionNode = FALSE
	EndGlobalSection
	GlobalSection(NestedProjects) = preSolution
		{74D5FB8D-D8E7-4CAF-A75B-0C12A135D77A} = {DAB1F046-CE4E-4BE7-9744-E4C8C5309A18}
		{503CD086-0256-425C-A6F8-81A9EF92F6EE} = {74D5FB8D-D8E7-4CAF-A75B-0C12A135D77A}
		{6910278C-9151-40EA-BDA2-F337F9C91CEC} = {DAB1F046-CE4E-4BE7-9744-E4C8C5309A18}
		{395F0A0D-DCD4-4D16-86F8-93195E3B81E2} = {6910278C-9151-40EA-BDA2-F337F9C91CEC}
		{C00377A4-29A7-437B-8ACE-E6A09E675C8D} = {9605CFA7-482F-4D4D-B194-FD794DB3154B}
		{5620C172-F0B1-4708-AA21-0EC2F2107E19} = {DAB1F046-CE4E-4BE7-9744-E4C8C5309A18}
		{E64D5F45-38A3-4D61-A459-8D2BB1C58C43} = {5620C172-F0B1-4708-AA21-0EC2F2107E19}
		{CF45D437-9C1D-420B-BF69-16E2C69733FA} = {DAB1F046-CE4E-4BE7-9744-E4C8C5309A18}
		{F66E2D05-7D43-4A79-B648-0D178D042E4D} = {CF45D437-9C1D-420B-BF69-16E2C69733FA}
		{A7570A82-0661-4514-A516-7F070B84959B} = {DAB1F046-CE4E-4BE7-9744-E4C8C5309A18}
		{5EC49AB6-A0DF-45B8-8E88-EE61E7088D61} = {A7570A82-0661-4514-A516-7F070B84959B}
		{711C18DC-814F-43DA-B143-40CC32834B3F} = {CE0B1E84-BBB7-4308-8087-8DA653374F53}
		{669F98B0-CD4E-4CD5-A75E-8999629FD584} = {DAB1F046-CE4E-4BE7-9744-E4C8C5309A18}
		{E52AA311-B77A-4A80-8A19-D333A1282306} = {669F98B0-CD4E-4CD5-A75E-8999629FD584}
	EndGlobalSection
	GlobalSection(ExtensibilityGlobals) = postSolution
		SolutionGuid = {D68FFADD-DC61-48B3-8F71-A64D773EA278}
	EndGlobalSection
EndGlobal
