
Microsoft Visual Studio Solution File, Format Version 12.00
# Visual Studio Version 16
VisualStudioVersion = 25.0.1706.1
MinimumVisualStudioVersion = 10.0.40219.1
Project("{FAE04EC0-301F-11D3-BF4B-00C04F79EFBC}") = "GatewayAPI", "GatewayAPI\GatewayAPI.csproj", "{29941CE4-2147-4ADF-9ED9-79F3C337DE3A}"
EndProject
Project("{2150E333-8FDC-42A3-9474-1A3956D46DE8}") = "Services", "Services", "{DAB1F046-CE4E-4BE7-9744-E4C8C5309A18}"
EndProject
Project("{2150E333-8FDC-42A3-9474-1A3956D46DE8}") = "Content", "Content", "{74D5FB8D-D8E7-4CAF-A75B-0C12A135D77A}"
EndProject
Project("{FAE04EC0-301F-11D3-BF4B-00C04F79EFBC}") = "ContentAPI", "Services\Content\ContentAPI\ContentAPI.csproj", "{503CD086-0256-425C-A6F8-81A9EF92F6EE}"
EndProject
Project("{2150E333-8FDC-42A3-9474-1A3956D46DE8}") = "Identity", "Identity", "{6910278C-9151-40EA-BDA2-F337F9C91CEC}"
EndProject
Project("{FAE04EC0-301F-11D3-BF4B-00C04F79EFBC}") = "IdentityAPI", "Services\Identity\IdentityAPI\IdentityAPI.csproj", "{395F0A0D-DCD4-4D16-86F8-93195E3B81E2}"
EndProject
Global
	GlobalSection(SolutionConfigurationPlatforms) = preSolution
		Debug|Any CPU = Debug|Any CPU
		Release|Any CPU = Release|Any CPU
	EndGlobalSection
	GlobalSection(ProjectConfigurationPlatforms) = postSolution
		{29941CE4-2147-4ADF-9ED9-79F3C337DE3A}.Debug|Any CPU.ActiveCfg = Debug|Any CPU
		{29941CE4-2147-4ADF-9ED9-79F3C337DE3A}.Debug|Any CPU.Build.0 = Debug|Any CPU
		{29941CE4-2147-4ADF-9ED9-79F3C337DE3A}.Release|Any CPU.ActiveCfg = Release|Any CPU
		{29941CE4-2147-4ADF-9ED9-79F3C337DE3A}.Release|Any CPU.Build.0 = Release|Any CPU
		{503CD086-0256-425C-A6F8-81A9EF92F6EE}.Debug|Any CPU.ActiveCfg = Debug|Any CPU
		{503CD086-0256-425C-A6F8-81A9EF92F6EE}.Debug|Any CPU.Build.0 = Debug|Any CPU
		{503CD086-0256-425C-A6F8-81A9EF92F6EE}.Release|Any CPU.ActiveCfg = Release|Any CPU
		{503CD086-0256-425C-A6F8-81A9EF92F6EE}.Release|Any CPU.Build.0 = Release|Any CPU
		{395F0A0D-DCD4-4D16-86F8-93195E3B81E2}.Debug|Any CPU.ActiveCfg = Debug|Any CPU
		{395F0A0D-DCD4-4D16-86F8-93195E3B81E2}.Debug|Any CPU.Build.0 = Debug|Any CPU
		{395F0A0D-DCD4-4D16-86F8-93195E3B81E2}.Release|Any CPU.ActiveCfg = Release|Any CPU
		{395F0A0D-DCD4-4D16-86F8-93195E3B81E2}.Release|Any CPU.Build.0 = Release|Any CPU
	EndGlobalSection
	GlobalSection(SolutionProperties) = preSolution
		HideSolutionNode = FALSE
	EndGlobalSection
	GlobalSection(ExtensibilityGlobals) = postSolution
		SolutionGuid = {D68FFADD-DC61-48B3-8F71-A64D773EA278}
	EndGlobalSection
	GlobalSection(NestedProjects) = preSolution
		{74D5FB8D-D8E7-4CAF-A75B-0C12A135D77A} = {DAB1F046-CE4E-4BE7-9744-E4C8C5309A18}
		{503CD086-0256-425C-A6F8-81A9EF92F6EE} = {74D5FB8D-D8E7-4CAF-A75B-0C12A135D77A}
		{6910278C-9151-40EA-BDA2-F337F9C91CEC} = {DAB1F046-CE4E-4BE7-9744-E4C8C5309A18}
		{395F0A0D-DCD4-4D16-86F8-93195E3B81E2} = {6910278C-9151-40EA-BDA2-F337F9C91CEC}
	EndGlobalSection
EndGlobal
